
Microsoft Visual Studio Solution File, Format Version 12.00
# Visual Studio Version 17
VisualStudioVersion = 17.7.34031.279
MinimumVisualStudioVersion = 10.0.40219.1
Project("{FAE04EC0-301F-11D3-BF4B-00C04F79EFBC}") = "WebClienteWSPersonas", "WebClienteWSPersonas\WebClienteWSPersonas.csproj", "{B05C2E12-1A1C-4C35-8320-8F147110B92E}"
EndProject
Global
	GlobalSection(SolutionConfigurationPlatforms) = preSolution
		Debug|Any CPU = Debug|Any CPU
		Release|Any CPU = Release|Any CPU
	EndGlobalSection
	GlobalSection(ProjectConfigurationPlatforms) = postSolution
		{B05C2E12-1A1C-4C35-8320-8F147110B92E}.Debug|Any CPU.ActiveCfg = Debug|Any CPU
		{B05C2E12-1A1C-4C35-8320-8F147110B92E}.Debug|Any CPU.Build.0 = Debug|Any CPU
		{B05C2E12-1A1C-4C35-8320-8F147110B92E}.Release|Any CPU.ActiveCfg = Release|Any CPU
		{B05C2E12-1A1C-4C35-8320-8F147110B92E}.Release|Any CPU.Build.0 = Release|Any CPU
	EndGlobalSection
	GlobalSection(SolutionProperties) = preSolution
		HideSolutionNode = FALSE
	EndGlobalSection
	GlobalSection(ExtensibilityGlobals) = postSolution
		SolutionGuid = {829BFB3C-2A2C-489F-96A5-18446170B360}
	EndGlobalSection
EndGlobal
